// !$*UTF8*$!
{
	archiveVersion = 1;
	classes = {
	};
	objectVersion = 56;
	objects = {

/* Begin PBXBuildFile section */
		DBDAA7142B93A12100CD42BE /* AppDelegate.swift in Sources */ = {isa = PBXBuildFile; fileRef = DBDAA7132B93A12100CD42BE /* AppDelegate.swift */; };
		DBDAA7162B93A12100CD42BE /* SceneDelegate.swift in Sources */ = {isa = PBXBuildFile; fileRef = DBDAA7152B93A12100CD42BE /* SceneDelegate.swift */; };
		DBDAA7182B93A12100CD42BE /* ViewController.swift in Sources */ = {isa = PBXBuildFile; fileRef = DBDAA7172B93A12100CD42BE /* ViewController.swift */; };
		DBDAA71B2B93A12100CD42BE /* Main.storyboard in Resources */ = {isa = PBXBuildFile; fileRef = DBDAA7192B93A12100CD42BE /* Main.storyboard */; };
		DBDAA71D2B93A12200CD42BE /* Assets.xcassets in Resources */ = {isa = PBXBuildFile; fileRef = DBDAA71C2B93A12200CD42BE /* Assets.xcassets */; };
		DBDAA7202B93A12200CD42BE /* LaunchScreen.storyboard in Resources */ = {isa = PBXBuildFile; fileRef = DBDAA71E2B93A12200CD42BE /* LaunchScreen.storyboard */; };
		DBDAA72B2B93A12200CD42BE /* DrevmassTests.swift in Sources */ = {isa = PBXBuildFile; fileRef = DBDAA72A2B93A12200CD42BE /* DrevmassTests.swift */; };
		DBDAA7352B93A12200CD42BE /* DrevmassUITests.swift in Sources */ = {isa = PBXBuildFile; fileRef = DBDAA7342B93A12200CD42BE /* DrevmassUITests.swift */; };
		DBDAA7372B93A12200CD42BE /* DrevmassUITestsLaunchTests.swift in Sources */ = {isa = PBXBuildFile; fileRef = DBDAA7362B93A12200CD42BE /* DrevmassUITestsLaunchTests.swift */; };
/* End PBXBuildFile section */

/* Begin PBXContainerItemProxy section */
		DBDAA7272B93A12200CD42BE /* PBXContainerItemProxy */ = {
			isa = PBXContainerItemProxy;
			containerPortal = DBDAA7082B93A12100CD42BE /* Project object */;
			proxyType = 1;
			remoteGlobalIDString = DBDAA70F2B93A12100CD42BE;
			remoteInfo = Drevmass;
		};
		DBDAA7312B93A12200CD42BE /* PBXContainerItemProxy */ = {
			isa = PBXContainerItemProxy;
			containerPortal = DBDAA7082B93A12100CD42BE /* Project object */;
			proxyType = 1;
			remoteGlobalIDString = DBDAA70F2B93A12100CD42BE;
			remoteInfo = Drevmass;
		};
/* End PBXContainerItemProxy section */

/* Begin PBXFileReference section */
		DBDAA7102B93A12100CD42BE /* Drevmass.app */ = {isa = PBXFileReference; explicitFileType = wrapper.application; includeInIndex = 0; path = Drevmass.app; sourceTree = BUILT_PRODUCTS_DIR; };
		DBDAA7132B93A12100CD42BE /* AppDelegate.swift */ = {isa = PBXFileReference; lastKnownFileType = sourcecode.swift; path = AppDelegate.swift; sourceTree = "<group>"; };
		DBDAA7152B93A12100CD42BE /* SceneDelegate.swift */ = {isa = PBXFileReference; lastKnownFileType = sourcecode.swift; path = SceneDelegate.swift; sourceTree = "<group>"; };
		DBDAA7172B93A12100CD42BE /* ViewController.swift */ = {isa = PBXFileReference; lastKnownFileType = sourcecode.swift; path = ViewController.swift; sourceTree = "<group>"; };
		DBDAA71A2B93A12100CD42BE /* Base */ = {isa = PBXFileReference; lastKnownFileType = file.storyboard; name = Base; path = Base.lproj/Main.storyboard; sourceTree = "<group>"; };
		DBDAA71C2B93A12200CD42BE /* Assets.xcassets */ = {isa = PBXFileReference; lastKnownFileType = folder.assetcatalog; path = Assets.xcassets; sourceTree = "<group>"; };
		DBDAA71F2B93A12200CD42BE /* Base */ = {isa = PBXFileReference; lastKnownFileType = file.storyboard; name = Base; path = Base.lproj/LaunchScreen.storyboard; sourceTree = "<group>"; };
		DBDAA7212B93A12200CD42BE /* Info.plist */ = {isa = PBXFileReference; lastKnownFileType = text.plist.xml; path = Info.plist; sourceTree = "<group>"; };
		DBDAA7262B93A12200CD42BE /* DrevmassTests.xctest */ = {isa = PBXFileReference; explicitFileType = wrapper.cfbundle; includeInIndex = 0; path = DrevmassTests.xctest; sourceTree = BUILT_PRODUCTS_DIR; };
		DBDAA72A2B93A12200CD42BE /* DrevmassTests.swift */ = {isa = PBXFileReference; lastKnownFileType = sourcecode.swift; path = DrevmassTests.swift; sourceTree = "<group>"; };
		DBDAA7302B93A12200CD42BE /* DrevmassUITests.xctest */ = {isa = PBXFileReference; explicitFileType = wrapper.cfbundle; includeInIndex = 0; path = DrevmassUITests.xctest; sourceTree = BUILT_PRODUCTS_DIR; };
		DBDAA7342B93A12200CD42BE /* DrevmassUITests.swift */ = {isa = PBXFileReference; lastKnownFileType = sourcecode.swift; path = DrevmassUITests.swift; sourceTree = "<group>"; };
		DBDAA7362B93A12200CD42BE /* DrevmassUITestsLaunchTests.swift */ = {isa = PBXFileReference; lastKnownFileType = sourcecode.swift; path = DrevmassUITestsLaunchTests.swift; sourceTree = "<group>"; };
/* End PBXFileReference section */

/* Begin PBXFrameworksBuildPhase section */
		DBDAA70D2B93A12100CD42BE /* Frameworks */ = {
			isa = PBXFrameworksBuildPhase;
			buildActionMask = 2147483647;
			files = (
			);
			runOnlyForDeploymentPostprocessing = 0;
		};
		DBDAA7232B93A12200CD42BE /* Frameworks */ = {
			isa = PBXFrameworksBuildPhase;
			buildActionMask = 2147483647;
			files = (
			);
			runOnlyForDeploymentPostprocessing = 0;
		};
		DBDAA72D2B93A12200CD42BE /* Frameworks */ = {
			isa = PBXFrameworksBuildPhase;
			buildActionMask = 2147483647;
			files = (
			);
			runOnlyForDeploymentPostprocessing = 0;
		};
/* End PBXFrameworksBuildPhase section */

/* Begin PBXGroup section */
		DBDAA7072B93A12100CD42BE = {
			isa = PBXGroup;
			children = (
				DBDAA7122B93A12100CD42BE /* Drevmass */,
				DBDAA7292B93A12200CD42BE /* DrevmassTests */,
				DBDAA7332B93A12200CD42BE /* DrevmassUITests */,
				DBDAA7112B93A12100CD42BE /* Products */,
			);
			sourceTree = "<group>";
		};
		DBDAA7112B93A12100CD42BE /* Products */ = {
			isa = PBXGroup;
			children = (
				DBDAA7102B93A12100CD42BE /* Drevmass.app */,
				DBDAA7262B93A12200CD42BE /* DrevmassTests.xctest */,
				DBDAA7302B93A12200CD42BE /* DrevmassUITests.xctest */,
			);
			name = Products;
			sourceTree = "<group>";
		};
		DBDAA7122B93A12100CD42BE /* Drevmass */ = {
			isa = PBXGroup;
			children = (
				DBDAA7132B93A12100CD42BE /* AppDelegate.swift */,
				DBDAA7152B93A12100CD42BE /* SceneDelegate.swift */,
				DBDAA7172B93A12100CD42BE /* ViewController.swift */,
				DBDAA7192B93A12100CD42BE /* Main.storyboard */,
				DBDAA71C2B93A12200CD42BE /* Assets.xcassets */,
				DBDAA71E2B93A12200CD42BE /* LaunchScreen.storyboard */,
				DBDAA7212B93A12200CD42BE /* Info.plist */,
			);
			path = Drevmass;
			sourceTree = "<group>";
		};
		DBDAA7292B93A12200CD42BE /* DrevmassTests */ = {
			isa = PBXGroup;
			children = (
				DBDAA72A2B93A12200CD42BE /* DrevmassTests.swift */,
			);
			path = DrevmassTests;
			sourceTree = "<group>";
		};
		DBDAA7332B93A12200CD42BE /* DrevmassUITests */ = {
			isa = PBXGroup;
			children = (
				DBDAA7342B93A12200CD42BE /* DrevmassUITests.swift */,
				DBDAA7362B93A12200CD42BE /* DrevmassUITestsLaunchTests.swift */,
			);
			path = DrevmassUITests;
			sourceTree = "<group>";
		};
/* End PBXGroup section */

/* Begin PBXNativeTarget section */
		DBDAA70F2B93A12100CD42BE /* Drevmass */ = {
			isa = PBXNativeTarget;
			buildConfigurationList = DBDAA73A2B93A12200CD42BE /* Build configuration list for PBXNativeTarget "Drevmass" */;
			buildPhases = (
				DBDAA70C2B93A12100CD42BE /* Sources */,
				DBDAA70D2B93A12100CD42BE /* Frameworks */,
				DBDAA70E2B93A12100CD42BE /* Resources */,
			);
			buildRules = (
			);
			dependencies = (
			);
			name = Drevmass;
			productName = Drevmass;
			productReference = DBDAA7102B93A12100CD42BE /* Drevmass.app */;
			productType = "com.apple.product-type.application";
		};
		DBDAA7252B93A12200CD42BE /* DrevmassTests */ = {
			isa = PBXNativeTarget;
			buildConfigurationList = DBDAA73D2B93A12200CD42BE /* Build configuration list for PBXNativeTarget "DrevmassTests" */;
			buildPhases = (
				DBDAA7222B93A12200CD42BE /* Sources */,
				DBDAA7232B93A12200CD42BE /* Frameworks */,
				DBDAA7242B93A12200CD42BE /* Resources */,
			);
			buildRules = (
			);
			dependencies = (
				DBDAA7282B93A12200CD42BE /* PBXTargetDependency */,
			);
			name = DrevmassTests;
			productName = DrevmassTests;
			productReference = DBDAA7262B93A12200CD42BE /* DrevmassTests.xctest */;
			productType = "com.apple.product-type.bundle.unit-test";
		};
		DBDAA72F2B93A12200CD42BE /* DrevmassUITests */ = {
			isa = PBXNativeTarget;
			buildConfigurationList = DBDAA7402B93A12200CD42BE /* Build configuration list for PBXNativeTarget "DrevmassUITests" */;
			buildPhases = (
				DBDAA72C2B93A12200CD42BE /* Sources */,
				DBDAA72D2B93A12200CD42BE /* Frameworks */,
				DBDAA72E2B93A12200CD42BE /* Resources */,
			);
			buildRules = (
			);
			dependencies = (
				DBDAA7322B93A12200CD42BE /* PBXTargetDependency */,
			);
			name = DrevmassUITests;
			productName = DrevmassUITests;
			productReference = DBDAA7302B93A12200CD42BE /* DrevmassUITests.xctest */;
			productType = "com.apple.product-type.bundle.ui-testing";
		};
/* End PBXNativeTarget section */

/* Begin PBXProject section */
		DBDAA7082B93A12100CD42BE /* Project object */ = {
			isa = PBXProject;
			attributes = {
				BuildIndependentTargetsInParallel = 1;
				LastSwiftUpdateCheck = 1520;
				LastUpgradeCheck = 1520;
				TargetAttributes = {
					DBDAA70F2B93A12100CD42BE = {
						CreatedOnToolsVersion = 15.2;
					};
					DBDAA7252B93A12200CD42BE = {
						CreatedOnToolsVersion = 15.2;
						TestTargetID = DBDAA70F2B93A12100CD42BE;
					};
					DBDAA72F2B93A12200CD42BE = {
						CreatedOnToolsVersion = 15.2;
						TestTargetID = DBDAA70F2B93A12100CD42BE;
					};
				};
			};
			buildConfigurationList = DBDAA70B2B93A12100CD42BE /* Build configuration list for PBXProject "Drevmass" */;
			compatibilityVersion = "Xcode 14.0";
			developmentRegion = en;
			hasScannedForEncodings = 0;
			knownRegions = (
				en,
				Base,
			);
			mainGroup = DBDAA7072B93A12100CD42BE;
			productRefGroup = DBDAA7112B93A12100CD42BE /* Products */;
			projectDirPath = "";
			projectRoot = "";
			targets = (
				DBDAA70F2B93A12100CD42BE /* Drevmass */,
				DBDAA7252B93A12200CD42BE /* DrevmassTests */,
				DBDAA72F2B93A12200CD42BE /* DrevmassUITests */,
			);
		};
/* End PBXProject section */

/* Begin PBXResourcesBuildPhase section */
		DBDAA70E2B93A12100CD42BE /* Resources */ = {
			isa = PBXResourcesBuildPhase;
			buildActionMask = 2147483647;
			files = (
				DBDAA7202B93A12200CD42BE /* LaunchScreen.storyboard in Resources */,
				DBDAA71D2B93A12200CD42BE /* Assets.xcassets in Resources */,
				DBDAA71B2B93A12100CD42BE /* Main.storyboard in Resources */,
			);
			runOnlyForDeploymentPostprocessing = 0;
		};
		DBDAA7242B93A12200CD42BE /* Resources */ = {
			isa = PBXResourcesBuildPhase;
			buildActionMask = 2147483647;
			files = (
			);
			runOnlyForDeploymentPostprocessing = 0;
		};
		DBDAA72E2B93A12200CD42BE /* Resources */ = {
			isa = PBXResourcesBuildPhase;
			buildActionMask = 2147483647;
			files = (
			);
			runOnlyForDeploymentPostprocessing = 0;
		};
/* End PBXResourcesBuildPhase section */

/* Begin PBXSourcesBuildPhase section */
		DBDAA70C2B93A12100CD42BE /* Sources */ = {
			isa = PBXSourcesBuildPhase;
			buildActionMask = 2147483647;
			files = (
				DBDAA7182B93A12100CD42BE /* ViewController.swift in Sources */,
				DBDAA7142B93A12100CD42BE /* AppDelegate.swift in Sources */,
				DBDAA7162B93A12100CD42BE /* SceneDelegate.swift in Sources */,
			);
			runOnlyForDeploymentPostprocessing = 0;
		};
		DBDAA7222B93A12200CD42BE /* Sources */ = {
			isa = PBXSourcesBuildPhase;
			buildActionMask = 2147483647;
			files = (
				DBDAA72B2B93A12200CD42BE /* DrevmassTests.swift in Sources */,
			);
			runOnlyForDeploymentPostprocessing = 0;
		};
		DBDAA72C2B93A12200CD42BE /* Sources */ = {
			isa = PBXSourcesBuildPhase;
			buildActionMask = 2147483647;
			files = (
				DBDAA7372B93A12200CD42BE /* DrevmassUITestsLaunchTests.swift in Sources */,
				DBDAA7352B93A12200CD42BE /* DrevmassUITests.swift in Sources */,
			);
			runOnlyForDeploymentPostprocessing = 0;
		};
/* End PBXSourcesBuildPhase section */

/* Begin PBXTargetDependency section */
		DBDAA7282B93A12200CD42BE /* PBXTargetDependency */ = {
			isa = PBXTargetDependency;
			target = DBDAA70F2B93A12100CD42BE /* Drevmass */;
			targetProxy = DBDAA7272B93A12200CD42BE /* PBXContainerItemProxy */;
		};
		DBDAA7322B93A12200CD42BE /* PBXTargetDependency */ = {
			isa = PBXTargetDependency;
			target = DBDAA70F2B93A12100CD42BE /* Drevmass */;
			targetProxy = DBDAA7312B93A12200CD42BE /* PBXContainerItemProxy */;
		};
/* End PBXTargetDependency section */

/* Begin PBXVariantGroup section */
		DBDAA7192B93A12100CD42BE /* Main.storyboard */ = {
			isa = PBXVariantGroup;
			children = (
				DBDAA71A2B93A12100CD42BE /* Base */,
			);
			name = Main.storyboard;
			sourceTree = "<group>";
		};
		DBDAA71E2B93A12200CD42BE /* LaunchScreen.storyboard */ = {
			isa = PBXVariantGroup;
			children = (
				DBDAA71F2B93A12200CD42BE /* Base */,
			);
			name = LaunchScreen.storyboard;
			sourceTree = "<group>";
		};
/* End PBXVariantGroup section */

/* Begin XCBuildConfiguration section */
		DBDAA7382B93A12200CD42BE /* Debug */ = {
			isa = XCBuildConfiguration;
			buildSettings = {
				ALWAYS_SEARCH_USER_PATHS = NO;
				ASSETCATALOG_COMPILER_GENERATE_SWIFT_ASSET_SYMBOL_EXTENSIONS = YES;
				CLANG_ANALYZER_NONNULL = YES;
				CLANG_ANALYZER_NUMBER_OBJECT_CONVERSION = YES_AGGRESSIVE;
				CLANG_CXX_LANGUAGE_STANDARD = "gnu++20";
				CLANG_ENABLE_MODULES = YES;
				CLANG_ENABLE_OBJC_ARC = YES;
				CLANG_ENABLE_OBJC_WEAK = YES;
				CLANG_WARN_BLOCK_CAPTURE_AUTORELEASING = YES;
				CLANG_WARN_BOOL_CONVERSION = YES;
				CLANG_WARN_COMMA = YES;
				CLANG_WARN_CONSTANT_CONVERSION = YES;
				CLANG_WARN_DEPRECATED_OBJC_IMPLEMENTATIONS = YES;
				CLANG_WARN_DIRECT_OBJC_ISA_USAGE = YES_ERROR;
				CLANG_WARN_DOCUMENTATION_COMMENTS = YES;
				CLANG_WARN_EMPTY_BODY = YES;
				CLANG_WARN_ENUM_CONVERSION = YES;
				CLANG_WARN_INFINITE_RECURSION = YES;
				CLANG_WARN_INT_CONVERSION = YES;
				CLANG_WARN_NON_LITERAL_NULL_CONVERSION = YES;
				CLANG_WARN_OBJC_IMPLICIT_RETAIN_SELF = YES;
				CLANG_WARN_OBJC_LITERAL_CONVERSION = YES;
				CLANG_WARN_OBJC_ROOT_CLASS = YES_ERROR;
				CLANG_WARN_QUOTED_INCLUDE_IN_FRAMEWORK_HEADER = YES;
				CLANG_WARN_RANGE_LOOP_ANALYSIS = YES;
				CLANG_WARN_STRICT_PROTOTYPES = YES;
				CLANG_WARN_SUSPICIOUS_MOVE = YES;
				CLANG_WARN_UNGUARDED_AVAILABILITY = YES_AGGRESSIVE;
				CLANG_WARN_UNREACHABLE_CODE = YES;
				CLANG_WARN__DUPLICATE_METHOD_MATCH = YES;
				COPY_PHASE_STRIP = NO;
				DEBUG_INFORMATION_FORMAT = dwarf;
				ENABLE_STRICT_OBJC_MSGSEND = YES;
				ENABLE_TESTABILITY = YES;
				ENABLE_USER_SCRIPT_SANDBOXING = YES;
				GCC_C_LANGUAGE_STANDARD = gnu17;
				GCC_DYNAMIC_NO_PIC = NO;
				GCC_NO_COMMON_BLOCKS = YES;
				GCC_OPTIMIZATION_LEVEL = 0;
				GCC_PREPROCESSOR_DEFINITIONS = (
					"DEBUG=1",
					"$(inherited)",
				);
				GCC_WARN_64_TO_32_BIT_CONVERSION = YES;
				GCC_WARN_ABOUT_RETURN_TYPE = YES_ERROR;
				GCC_WARN_UNDECLARED_SELECTOR = YES;
				GCC_WARN_UNINITIALIZED_AUTOS = YES_AGGRESSIVE;
				GCC_WARN_UNUSED_FUNCTION = YES;
				GCC_WARN_UNUSED_VARIABLE = YES;
				IPHONEOS_DEPLOYMENT_TARGET = 17.2;
				LOCALIZATION_PREFERS_STRING_CATALOGS = YES;
				MTL_ENABLE_DEBUG_INFO = INCLUDE_SOURCE;
				MTL_FAST_MATH = YES;
				ONLY_ACTIVE_ARCH = YES;
				SDKROOT = iphoneos;
				SWIFT_ACTIVE_COMPILATION_CONDITIONS = "DEBUG $(inherited)";
				SWIFT_OPTIMIZATION_LEVEL = "-Onone";
			};
			name = Debug;
		};
		DBDAA7392B93A12200CD42BE /* Release */ = {
			isa = XCBuildConfiguration;
			buildSettings = {
				ALWAYS_SEARCH_USER_PATHS = NO;
				ASSETCATALOG_COMPILER_GENERATE_SWIFT_ASSET_SYMBOL_EXTENSIONS = YES;
				CLANG_ANALYZER_NONNULL = YES;
				CLANG_ANALYZER_NUMBER_OBJECT_CONVERSION = YES_AGGRESSIVE;
				CLANG_CXX_LANGUAGE_STANDARD = "gnu++20";
				CLANG_ENABLE_MODULES = YES;
				CLANG_ENABLE_OBJC_ARC = YES;
				CLANG_ENABLE_OBJC_WEAK = YES;
				CLANG_WARN_BLOCK_CAPTURE_AUTORELEASING = YES;
				CLANG_WARN_BOOL_CONVERSION = YES;
				CLANG_WARN_COMMA = YES;
				CLANG_WARN_CONSTANT_CONVERSION = YES;
				CLANG_WARN_DEPRECATED_OBJC_IMPLEMENTATIONS = YES;
				CLANG_WARN_DIRECT_OBJC_ISA_USAGE = YES_ERROR;
				CLANG_WARN_DOCUMENTATION_COMMENTS = YES;
				CLANG_WARN_EMPTY_BODY = YES;
				CLANG_WARN_ENUM_CONVERSION = YES;
				CLANG_WARN_INFINITE_RECURSION = YES;
				CLANG_WARN_INT_CONVERSION = YES;
				CLANG_WARN_NON_LITERAL_NULL_CONVERSION = YES;
				CLANG_WARN_OBJC_IMPLICIT_RETAIN_SELF = YES;
				CLANG_WARN_OBJC_LITERAL_CONVERSION = YES;
				CLANG_WARN_OBJC_ROOT_CLASS = YES_ERROR;
				CLANG_WARN_QUOTED_INCLUDE_IN_FRAMEWORK_HEADER = YES;
				CLANG_WARN_RANGE_LOOP_ANALYSIS = YES;
				CLANG_WARN_STRICT_PROTOTYPES = YES;
				CLANG_WARN_SUSPICIOUS_MOVE = YES;
				CLANG_WARN_UNGUARDED_AVAILABILITY = YES_AGGRESSIVE;
				CLANG_WARN_UNREACHABLE_CODE = YES;
				CLANG_WARN__DUPLICATE_METHOD_MATCH = YES;
				COPY_PHASE_STRIP = NO;
				DEBUG_INFORMATION_FORMAT = "dwarf-with-dsym";
				ENABLE_NS_ASSERTIONS = NO;
				ENABLE_STRICT_OBJC_MSGSEND = YES;
				ENABLE_USER_SCRIPT_SANDBOXING = YES;
				GCC_C_LANGUAGE_STANDARD = gnu17;
				GCC_NO_COMMON_BLOCKS = YES;
				GCC_WARN_64_TO_32_BIT_CONVERSION = YES;
				GCC_WARN_ABOUT_RETURN_TYPE = YES_ERROR;
				GCC_WARN_UNDECLARED_SELECTOR = YES;
				GCC_WARN_UNINITIALIZED_AUTOS = YES_AGGRESSIVE;
				GCC_WARN_UNUSED_FUNCTION = YES;
				GCC_WARN_UNUSED_VARIABLE = YES;
				IPHONEOS_DEPLOYMENT_TARGET = 17.2;
				LOCALIZATION_PREFERS_STRING_CATALOGS = YES;
				MTL_ENABLE_DEBUG_INFO = NO;
				MTL_FAST_MATH = YES;
				SDKROOT = iphoneos;
				SWIFT_COMPILATION_MODE = wholemodule;
				VALIDATE_PRODUCT = YES;
			};
			name = Release;
		};
		DBDAA73B2B93A12200CD42BE /* Debug */ = {
			isa = XCBuildConfiguration;
			buildSettings = {
				ASSETCATALOG_COMPILER_APPICON_NAME = AppIcon;
				ASSETCATALOG_COMPILER_GLOBAL_ACCENT_COLOR_NAME = AccentColor;
				CODE_SIGN_STYLE = Automatic;
				CURRENT_PROJECT_VERSION = 1;
				GENERATE_INFOPLIST_FILE = YES;
				INFOPLIST_FILE = Drevmass/Info.plist;
				INFOPLIST_KEY_UIApplicationSupportsIndirectInputEvents = YES;
				INFOPLIST_KEY_UILaunchStoryboardName = LaunchScreen;
				INFOPLIST_KEY_UIMainStoryboardFile = Main;
				INFOPLIST_KEY_UISupportedInterfaceOrientations_iPad = "UIInterfaceOrientationPortrait UIInterfaceOrientationPortraitUpsideDown UIInterfaceOrientationLandscapeLeft UIInterfaceOrientationLandscapeRight";
				INFOPLIST_KEY_UISupportedInterfaceOrientations_iPhone = "UIInterfaceOrientationPortrait UIInterfaceOrientationLandscapeLeft UIInterfaceOrientationLandscapeRight";
				IPHONEOS_DEPLOYMENT_TARGET = 15.0;
				LD_RUNPATH_SEARCH_PATHS = (
					"$(inherited)",
					"@executable_path/Frameworks",
				);
				MARKETING_VERSION = 1.0;
				PRODUCT_BUNDLE_IDENTIFIER = "Aset-Madina.Drevmass";
				PRODUCT_NAME = "$(TARGET_NAME)";
				SWIFT_EMIT_LOC_STRINGS = YES;
				SWIFT_VERSION = 5.0;
				TARGETED_DEVICE_FAMILY = "1,2";
			};
			name = Debug;
		};
		DBDAA73C2B93A12200CD42BE /* Release */ = {
			isa = XCBuildConfiguration;
			buildSettings = {
				ASSETCATALOG_COMPILER_APPICON_NAME = AppIcon;
				ASSETCATALOG_COMPILER_GLOBAL_ACCENT_COLOR_NAME = AccentColor;
				CODE_SIGN_STYLE = Automatic;
				CURRENT_PROJECT_VERSION = 1;
				GENERATE_INFOPLIST_FILE = YES;
				INFOPLIST_FILE = Drevmass/Info.plist;
				INFOPLIST_KEY_UIApplicationSupportsIndirectInputEvents = YES;
				INFOPLIST_KEY_UILaunchStoryboardName = LaunchScreen;
				INFOPLIST_KEY_UIMainStoryboardFile = Main;
				INFOPLIST_KEY_UISupportedInterfaceOrientations_iPad = "UIInterfaceOrientationPortrait UIInterfaceOrientationPortraitUpsideDown UIInterfaceOrientationLandscapeLeft UIInterfaceOrientationLandscapeRight";
				INFOPLIST_KEY_UISupportedInterfaceOrientations_iPhone = "UIInterfaceOrientationPortrait UIInterfaceOrientationLandscapeLeft UIInterfaceOrientationLandscapeRight";
				IPHONEOS_DEPLOYMENT_TARGET = 15.0;
				LD_RUNPATH_SEARCH_PATHS = (
					"$(inherited)",
					"@executable_path/Frameworks",
				);
				MARKETING_VERSION = 1.0;
				PRODUCT_BUNDLE_IDENTIFIER = "Aset-Madina.Drevmass";
				PRODUCT_NAME = "$(TARGET_NAME)";
				SWIFT_EMIT_LOC_STRINGS = YES;
				SWIFT_VERSION = 5.0;
				TARGETED_DEVICE_FAMILY = "1,2";
			};
			name = Release;
		};
		DBDAA73E2B93A12200CD42BE /* Debug */ = {
			isa = XCBuildConfiguration;
			buildSettings = {
				ALWAYS_EMBED_SWIFT_STANDARD_LIBRARIES = YES;
				BUNDLE_LOADER = "$(TEST_HOST)";
				CODE_SIGN_STYLE = Automatic;
				CURRENT_PROJECT_VERSION = 1;
				GENERATE_INFOPLIST_FILE = YES;
				IPHONEOS_DEPLOYMENT_TARGET = 17.2;
				MARKETING_VERSION = 1.0;
				PRODUCT_BUNDLE_IDENTIFIER = "Aset-Madina.DrevmassTests";
				PRODUCT_NAME = "$(TARGET_NAME)";
				SWIFT_EMIT_LOC_STRINGS = NO;
				SWIFT_VERSION = 5.0;
				TARGETED_DEVICE_FAMILY = "1,2";
				TEST_HOST = "$(BUILT_PRODUCTS_DIR)/Drevmass.app/$(BUNDLE_EXECUTABLE_FOLDER_PATH)/Drevmass";
			};
			name = Debug;
		};
		DBDAA73F2B93A12200CD42BE /* Release */ = {
			isa = XCBuildConfiguration;
			buildSettings = {
				ALWAYS_EMBED_SWIFT_STANDARD_LIBRARIES = YES;
				BUNDLE_LOADER = "$(TEST_HOST)";
				CODE_SIGN_STYLE = Automatic;
				CURRENT_PROJECT_VERSION = 1;
				GENERATE_INFOPLIST_FILE = YES;
				IPHONEOS_DEPLOYMENT_TARGET = 17.2;
				MARKETING_VERSION = 1.0;
				PRODUCT_BUNDLE_IDENTIFIER = "Aset-Madina.DrevmassTests";
				PRODUCT_NAME = "$(TARGET_NAME)";
				SWIFT_EMIT_LOC_STRINGS = NO;
				SWIFT_VERSION = 5.0;
				TARGETED_DEVICE_FAMILY = "1,2";
				TEST_HOST = "$(BUILT_PRODUCTS_DIR)/Drevmass.app/$(BUNDLE_EXECUTABLE_FOLDER_PATH)/Drevmass";
			};
			name = Release;
		};
		DBDAA7412B93A12200CD42BE /* Debug */ = {
			isa = XCBuildConfiguration;
			buildSettings = {
				ALWAYS_EMBED_SWIFT_STANDARD_LIBRARIES = YES;
				CODE_SIGN_STYLE = Automatic;
				CURRENT_PROJECT_VERSION = 1;
				GENERATE_INFOPLIST_FILE = YES;
				MARKETING_VERSION = 1.0;
				PRODUCT_BUNDLE_IDENTIFIER = "Aset-Madina.DrevmassUITests";
				PRODUCT_NAME = "$(TARGET_NAME)";
				SWIFT_EMIT_LOC_STRINGS = NO;
				SWIFT_VERSION = 5.0;
				TARGETED_DEVICE_FAMILY = "1,2";
				TEST_TARGET_NAME = Drevmass;
			};
			name = Debug;
		};
		DBDAA7422B93A12200CD42BE /* Release */ = {
			isa = XCBuildConfiguration;
			buildSettings = {
				ALWAYS_EMBED_SWIFT_STANDARD_LIBRARIES = YES;
				CODE_SIGN_STYLE = Automatic;
				CURRENT_PROJECT_VERSION = 1;
				GENERATE_INFOPLIST_FILE = YES;
				MARKETING_VERSION = 1.0;
				PRODUCT_BUNDLE_IDENTIFIER = "Aset-Madina.DrevmassUITests";
				PRODUCT_NAME = "$(TARGET_NAME)";
				SWIFT_EMIT_LOC_STRINGS = NO;
				SWIFT_VERSION = 5.0;
				TARGETED_DEVICE_FAMILY = "1,2";
				TEST_TARGET_NAME = Drevmass;
			};
			name = Release;
		};
/* End XCBuildConfiguration section */

/* Begin XCConfigurationList section */
		DBDAA70B2B93A12100CD42BE /* Build configuration list for PBXProject "Drevmass" */ = {
			isa = XCConfigurationList;
			buildConfigurations = (
				DBDAA7382B93A12200CD42BE /* Debug */,
				DBDAA7392B93A12200CD42BE /* Release */,
			);
			defaultConfigurationIsVisible = 0;
			defaultConfigurationName = Release;
		};
		DBDAA73A2B93A12200CD42BE /* Build configuration list for PBXNativeTarget "Drevmass" */ = {
			isa = XCConfigurationList;
			buildConfigurations = (
				DBDAA73B2B93A12200CD42BE /* Debug */,
				DBDAA73C2B93A12200CD42BE /* Release */,
			);
			defaultConfigurationIsVisible = 0;
			defaultConfigurationName = Release;
		};
		DBDAA73D2B93A12200CD42BE /* Build configuration list for PBXNativeTarget "DrevmassTests" */ = {
			isa = XCConfigurationList;
			buildConfigurations = (
				DBDAA73E2B93A12200CD42BE /* Debug */,
				DBDAA73F2B93A12200CD42BE /* Release */,
			);
			defaultConfigurationIsVisible = 0;
			defaultConfigurationName = Release;
		};
		DBDAA7402B93A12200CD42BE /* Build configuration list for PBXNativeTarget "DrevmassUITests" */ = {
			isa = XCConfigurationList;
			buildConfigurations = (
				DBDAA7412B93A12200CD42BE /* Debug */,
				DBDAA7422B93A12200CD42BE /* Release */,
			);
			defaultConfigurationIsVisible = 0;
			defaultConfigurationName = Release;
		};
/* End XCConfigurationList section */
	};
	rootObject = DBDAA7082B93A12100CD42BE /* Project object */;
}
